
Microsoft Visual Studio Solution File, Format Version 12.00
# Visual Studio 2012
Project("{FAE04EC0-301F-11D3-BF4B-00C04F79EFBC}") = "FinancialsLibrary", "FinancialsLibrary\FinancialsLibrary.csproj", "{D31020DB-0B05-4BC4-BE11-1609B9F3A3E8}"
EndProject
Global
	GlobalSection(SolutionConfigurationPlatforms) = preSolution
		Debug|Any CPU = Debug|Any CPU
		Release|Any CPU = Release|Any CPU
	EndGlobalSection
	GlobalSection(ProjectConfigurationPlatforms) = postSolution
		{D31020DB-0B05-4BC4-BE11-1609B9F3A3E8}.Debug|Any CPU.ActiveCfg = Debug|Any CPU
		{D31020DB-0B05-4BC4-BE11-1609B9F3A3E8}.Debug|Any CPU.Build.0 = Debug|Any CPU
		{D31020DB-0B05-4BC4-BE11-1609B9F3A3E8}.Debug|Any CPU.Deploy.0 = Debug|Any CPU
		{D31020DB-0B05-4BC4-BE11-1609B9F3A3E8}.Release|Any CPU.ActiveCfg = Release|Any CPU
		{D31020DB-0B05-4BC4-BE11-1609B9F3A3E8}.Release|Any CPU.Build.0 = Release|Any CPU
		{D31020DB-0B05-4BC4-BE11-1609B9F3A3E8}.Release|Any CPU.Deploy.0 = Release|Any CPU
	EndGlobalSection
	GlobalSection(SolutionProperties) = preSolution
		HideSolutionNode = FALSE
	EndGlobalSection
EndGlobal
